
Microsoft Visual Studio Solution File, Format Version 12.00
# Visual Studio Version 17
VisualStudioVersion = 17.9.34902.65
MinimumVisualStudioVersion = 10.0.40219.1
Project("{9A19103F-16F7-4668-BE54-9A1E7A4F7556}") = "RPSSL.GameService", "RPSSL.GameService\RPSSL.GameService.csproj", "{4F4A0069-621A-411A-BBE2-51B669F7E681}"
EndProject
Project("{9A19103F-16F7-4668-BE54-9A1E7A4F7556}") = "RPSSL.GameService.Domain", "RPSSL.GameService.Domain\RPSSL.GameService.Domain.csproj", "{6A0AA7C2-D548-4BF4-B1A4-C013DB323401}"
EndProject
Project("{FAE04EC0-301F-11D3-BF4B-00C04F79EFBC}") = "RPSSL.GameService.Infrastructure", "RPSSL.GameService.Infrastructure\RPSSL.GameService.Infrastructure.csproj", "{43D4338B-0822-4D08-BE08-C1F844850A38}"
EndProject
Global
	GlobalSection(SolutionConfigurationPlatforms) = preSolution
		Debug|Any CPU = Debug|Any CPU
		Release|Any CPU = Release|Any CPU
	EndGlobalSection
	GlobalSection(ProjectConfigurationPlatforms) = postSolution
		{4F4A0069-621A-411A-BBE2-51B669F7E681}.Debug|Any CPU.ActiveCfg = Debug|Any CPU
		{4F4A0069-621A-411A-BBE2-51B669F7E681}.Debug|Any CPU.Build.0 = Debug|Any CPU
		{4F4A0069-621A-411A-BBE2-51B669F7E681}.Release|Any CPU.ActiveCfg = Release|Any CPU
		{4F4A0069-621A-411A-BBE2-51B669F7E681}.Release|Any CPU.Build.0 = Release|Any CPU
		{6A0AA7C2-D548-4BF4-B1A4-C013DB323401}.Debug|Any CPU.ActiveCfg = Debug|Any CPU
		{6A0AA7C2-D548-4BF4-B1A4-C013DB323401}.Debug|Any CPU.Build.0 = Debug|Any CPU
		{6A0AA7C2-D548-4BF4-B1A4-C013DB323401}.Release|Any CPU.ActiveCfg = Release|Any CPU
		{6A0AA7C2-D548-4BF4-B1A4-C013DB323401}.Release|Any CPU.Build.0 = Release|Any CPU
		{43D4338B-0822-4D08-BE08-C1F844850A38}.Debug|Any CPU.ActiveCfg = Debug|Any CPU
		{43D4338B-0822-4D08-BE08-C1F844850A38}.Debug|Any CPU.Build.0 = Debug|Any CPU
		{43D4338B-0822-4D08-BE08-C1F844850A38}.Release|Any CPU.ActiveCfg = Release|Any CPU
		{43D4338B-0822-4D08-BE08-C1F844850A38}.Release|Any CPU.Build.0 = Release|Any CPU
	EndGlobalSection
	GlobalSection(SolutionProperties) = preSolution
		HideSolutionNode = FALSE
	EndGlobalSection
	GlobalSection(ExtensibilityGlobals) = postSolution
		SolutionGuid = {5DB9DFDD-A8A3-4220-A4F9-999648F2A265}
	EndGlobalSection
EndGlobal
